
Microsoft Visual Studio Solution File, Format Version 11.00
# Visual Studio 2010
Project("{FAE04EC0-301F-11D3-BF4B-00C04F79EFBC}") = "InstallDB", "InstallDB.csproj", "{95A6C567-AF5B-41D1-8DFD-5757AE61B46F}"
EndProject
Project("{FAE04EC0-301F-11D3-BF4B-00C04F79EFBC}") = "Common", "..\..\..\..\DotNet\Common.Library\Common\Common.csproj", "{28E87CC9-AEFD-41DE-A60B-633A1BBE2E43}"
EndProject
Project("{FAE04EC0-301F-11D3-BF4B-00C04F79EFBC}") = "Common.WinForm", "..\..\..\..\DotNet\Common.Library\Common.WinForm\Common.WinForm.csproj", "{E0392F67-4FA4-4BD5-879E-59FD83542EB6}"
EndProject
Global
	GlobalSection(SolutionConfigurationPlatforms) = preSolution
		Debug|Any CPU = Debug|Any CPU
		Debug|x86 = Debug|x86
		Release|Any CPU = Release|Any CPU
		Release|x86 = Release|x86
	EndGlobalSection
	GlobalSection(ProjectConfigurationPlatforms) = postSolution
		{95A6C567-AF5B-41D1-8DFD-5757AE61B46F}.Debug|Any CPU.ActiveCfg = Debug|Any CPU
		{95A6C567-AF5B-41D1-8DFD-5757AE61B46F}.Debug|Any CPU.Build.0 = Debug|Any CPU
		{95A6C567-AF5B-41D1-8DFD-5757AE61B46F}.Debug|x86.ActiveCfg = Debug|Any CPU
		{95A6C567-AF5B-41D1-8DFD-5757AE61B46F}.Release|Any CPU.ActiveCfg = Release|Any CPU
		{95A6C567-AF5B-41D1-8DFD-5757AE61B46F}.Release|Any CPU.Build.0 = Release|Any CPU
		{95A6C567-AF5B-41D1-8DFD-5757AE61B46F}.Release|x86.ActiveCfg = Release|Any CPU
		{28E87CC9-AEFD-41DE-A60B-633A1BBE2E43}.Debug|Any CPU.ActiveCfg = Debug|Any CPU
		{28E87CC9-AEFD-41DE-A60B-633A1BBE2E43}.Debug|Any CPU.Build.0 = Debug|Any CPU
		{28E87CC9-AEFD-41DE-A60B-633A1BBE2E43}.Debug|x86.ActiveCfg = Debug|x86
		{28E87CC9-AEFD-41DE-A60B-633A1BBE2E43}.Debug|x86.Build.0 = Debug|x86
		{28E87CC9-AEFD-41DE-A60B-633A1BBE2E43}.Release|Any CPU.ActiveCfg = Release|Any CPU
		{28E87CC9-AEFD-41DE-A60B-633A1BBE2E43}.Release|Any CPU.Build.0 = Release|Any CPU
		{28E87CC9-AEFD-41DE-A60B-633A1BBE2E43}.Release|x86.ActiveCfg = Release|x86
		{28E87CC9-AEFD-41DE-A60B-633A1BBE2E43}.Release|x86.Build.0 = Release|x86
		{E0392F67-4FA4-4BD5-879E-59FD83542EB6}.Debug|Any CPU.ActiveCfg = Debug|Any CPU
		{E0392F67-4FA4-4BD5-879E-59FD83542EB6}.Debug|Any CPU.Build.0 = Debug|Any CPU
		{E0392F67-4FA4-4BD5-879E-59FD83542EB6}.Debug|x86.ActiveCfg = Debug|Any CPU
		{E0392F67-4FA4-4BD5-879E-59FD83542EB6}.Release|Any CPU.ActiveCfg = Release|Any CPU
		{E0392F67-4FA4-4BD5-879E-59FD83542EB6}.Release|Any CPU.Build.0 = Release|Any CPU
		{E0392F67-4FA4-4BD5-879E-59FD83542EB6}.Release|x86.ActiveCfg = Release|Any CPU
	EndGlobalSection
	GlobalSection(SolutionProperties) = preSolution
		HideSolutionNode = FALSE
	EndGlobalSection
EndGlobal
